# THIS IS AN AUTOGENERATED FILE. DO NOT EDIT THIS FILE DIRECTLY.
# yarn lockfile v1


"@graphcms/uix-react-sdk@^0.1.4":
  version "0.1.4"
  resolved "https://registry.npmjs.org/@graphcms/uix-react-sdk/-/uix-react-sdk-0.1.4.tgz"
  integrity sha512-efMehQAC7Tq2/0+fbEui99SW6qUJrRsZ0aC4pSVMGleXUmyrvClGjqYyHCi/XPupYbUBd6SEwdIEdY2Lxpmnyw==
  dependencies:
    "@graphcms/uix-sdk" "^0.1.4"
    "@graphcms/zoid" "^9.0.64-alpha.2"

"@graphcms/uix-sdk@^0.1.4":
  version "0.1.4"
  resolved "https://registry.npmjs.org/@graphcms/uix-sdk/-/uix-sdk-0.1.4.tgz"
  integrity sha512-b1ZnZq9c4BDrwVeC8GxVEem7YpkNDpJSOncWs8MBHSW5ejBHxRdZi4l+b+tWrUOFXN+TY0StEFxZ4VNDqWhqow==
  dependencies:
    "@graphcms/zoid" "^9.0.64-alpha.2"

"@graphcms/zoid@^9.0.64-alpha.2":
  version "9.0.64-alpha.2"
  resolved "https://registry.npmjs.org/@graphcms/zoid/-/zoid-9.0.64-alpha.2.tgz"
  integrity sha512-cwy9BBttRY1cOqQ7ThLv3AyxqRJsNSxnt3QCCh0DnEpsnp6L2asjnL6n/KZEkCYifPEAk71JIjKH32PZq4Fueg==
  dependencies:
    belter "^1.0.123"
    cross-domain-utils "^2.0.33"
    post-robot "^10"
    zalgo-promise "^1.0.45"

"@jest/types@^26.6.2":
  version "26.6.2"
  resolved "https://registry.npmjs.org/@jest/types/-/types-26.6.2.tgz"
  integrity sha512-fC6QCp7Sc5sX6g8Tvbmj4XUTbyrik0akgRy03yjXbQaBWWNWGE7SGtJk98m0N8nzegD/7SggrUlivxo5ax4KWQ==
  dependencies:
    "@types/istanbul-lib-coverage" "^2.0.0"
    "@types/istanbul-reports" "^3.0.0"
    "@types/node" "*"
    "@types/yargs" "^15.0.0"
    chalk "^4.0.0"

"@types/istanbul-lib-coverage@*", "@types/istanbul-lib-coverage@^2.0.0":
  version "2.0.3"
  resolved "https://registry.npmjs.org/@types/istanbul-lib-coverage/-/istanbul-lib-coverage-2.0.3.tgz"
  integrity sha512-sz7iLqvVUg1gIedBOvlkxPlc8/uVzyS5OwGz1cKjXzkl3FpL3al0crU8YGU1WoHkxn0Wxbw5tyi6hvzJKNzFsw==

"@types/istanbul-lib-report@*":
  version "3.0.0"
  resolved "https://registry.npmjs.org/@types/istanbul-lib-report/-/istanbul-lib-report-3.0.0.tgz"
  integrity sha512-plGgXAPfVKFoYfa9NpYDAkseG+g6Jr294RqeqcqDixSbU34MZVJRi/P+7Y8GDpzkEwLaGZZOpKIEmeVZNtKsrg==
  dependencies:
    "@types/istanbul-lib-coverage" "*"

"@types/istanbul-reports@^3.0.0":
  version "3.0.1"
  resolved "https://registry.npmjs.org/@types/istanbul-reports/-/istanbul-reports-3.0.1.tgz"
  integrity sha512-c3mAZEuK0lvBp8tmuL74XRKn1+y2dcwOUpH7x4WrF6gk1GIgiluDRgMYQtw2OFcBvAJWlt6ASU3tSqxp0Uu0Aw==
  dependencies:
    "@types/istanbul-lib-report" "*"

"@types/jest@^26.0.15":
  version "26.0.24"
  resolved "https://registry.npmjs.org/@types/jest/-/jest-26.0.24.tgz"
  integrity sha512-E/X5Vib8BWqZNRlDxj9vYXhsDwPYbPINqKF9BsnSoon4RQ0D9moEuLD8txgyypFLH7J4+Lho9Nr/c8H0Fi+17w==
  dependencies:
    jest-diff "^26.0.0"
    pretty-format "^26.0.0"

"@types/node@*":
  version "16.11.10"
  resolved "https://registry.npmjs.org/@types/node/-/node-16.11.10.tgz"
  integrity sha512-3aRnHa1KlOEEhJ6+CvyHKK5vE9BcLGjtUpwvqYLRvYNQKMfabu3BwfJaA/SLW8dxe28LsNDjtHwePTuzn3gmOA==

"@types/node@^12.0.0":
  version "12.20.37"
  resolved "https://registry.npmjs.org/@types/node/-/node-12.20.37.tgz"
  integrity sha512-i1KGxqcvJaLQali+WuypQnXwcplhtNtjs66eNsZpp2P2FL/trJJxx/VWsM0YCL2iMoIJrbXje48lvIQAQ4p2ZA==

"@types/prop-types@*":
  version "15.7.4"
  resolved "https://registry.npmjs.org/@types/prop-types/-/prop-types-15.7.4.tgz"
  integrity sha512-rZ5drC/jWjrArrS8BR6SIr4cWpW09RNTYt9AMZo3Jwwif+iacXAqgVjm0B0Bv/S1jhDXKHqRVNCbACkJ89RAnQ==

"@types/ramda@^0.27.54":
  version "0.27.54"
  resolved "https://registry.npmjs.org/@types/ramda/-/ramda-0.27.54.tgz"
  integrity sha512-vm/FH3MGPBLFzpN1lrF/L6PtQ4saKSagzhfVGvPkw65XeZn8kLg8rarCo1MYkqQRgMcneuWDwNpVjEjZRUhEyA==
  dependencies:
    ts-toolbelt "^6.15.1"

"@types/react-dom@^17.0.0":
  version "17.0.11"
  resolved "https://registry.npmjs.org/@types/react-dom/-/react-dom-17.0.11.tgz"
  integrity sha512-f96K3k+24RaLGVu/Y2Ng3e1EbZ8/cVJvypZWd7cy0ofCBaf2lcM46xNhycMZ2xGwbBjRql7hOlZ+e2WlJ5MH3Q==
  dependencies:
    "@types/react" "*"

"@types/react@*", "@types/react@^17.0.0":
  version "17.0.37"
  resolved "https://registry.npmjs.org/@types/react/-/react-17.0.37.tgz"
  integrity sha512-2FS1oTqBGcH/s0E+CjrCCR9+JMpsu9b69RTFO+40ua43ZqP5MmQ4iUde/dMjWR909KxZwmOQIFq6AV6NjEG5xg==
  dependencies:
    "@types/prop-types" "*"
    "@types/scheduler" "*"
    csstype "^3.0.2"

"@types/scheduler@*":
  version "0.16.2"
  resolved "https://registry.npmjs.org/@types/scheduler/-/scheduler-0.16.2.tgz"
  integrity sha512-hppQEBDmlwhFAXKJX2KnWLYu5yMfi91yazPb2l+lbJiwW+wdo1gNeRA+3RgNSO39WYX2euey41KEwnqesU2Jew==

"@types/yargs-parser@*":
  version "20.2.1"
  resolved "https://registry.npmjs.org/@types/yargs-parser/-/yargs-parser-20.2.1.tgz"
  integrity sha512-7tFImggNeNBVMsn0vLrpn1H1uPrUBdnARPTpZoitY37ZrdJREzf7I16tMrlK3hen349gr1NYh8CmZQa7CTG6Aw==

"@types/yargs@^15.0.0":
  version "15.0.14"
  resolved "https://registry.npmjs.org/@types/yargs/-/yargs-15.0.14.tgz"
  integrity sha512-yEJzHoxf6SyQGhBhIYGXQDSCkJjB6HohDShto7m8vaKg9Yp0Yn8+71J9eakh2bnPg6BfsH9PRMhiRTZnd4eXGQ==
  dependencies:
    "@types/yargs-parser" "*"

ansi-regex@^5.0.0:
  version "5.0.1"
  resolved "https://registry.npmjs.org/ansi-regex/-/ansi-regex-5.0.1.tgz"
  integrity sha512-quJQXlTSUGL2LH9SUXo8VwsY4soanhgo6LNSm84E1LBcE8s3O0wpdiRzyR9z/ZZJMlMWv37qOOb9pdJlMUEKFQ==

ansi-styles@^4.0.0, ansi-styles@^4.1.0:
  version "4.3.0"
  resolved "https://registry.npmjs.org/ansi-styles/-/ansi-styles-4.3.0.tgz"
  integrity sha512-zbB9rCJAT1rbjiVDb2hqKFHNYLxgtk8NURxZ3IZwD3F6NtxbXZQCnnSi1Lkx+IDohdPlFp222wVALIheZJQSEg==
  dependencies:
    color-convert "^2.0.1"

belter@^1.0.123, belter@^1.0.41:
  version "1.0.177"
  resolved "https://registry.npmjs.org/belter/-/belter-1.0.177.tgz"
  integrity sha512-oJCyvKkO6Cz+ocjEVdyYe6itIgcgS+AgONrEVexErIfFx6y4Q8Uv5699mvMkTWLY5wR72BXoCYZFkb17xJ/7dA==
  dependencies:
    cross-domain-safe-weakmap "^1"
    cross-domain-utils "^2"
    zalgo-promise "^1"

chalk@^4.0.0:
  version "4.1.2"
  resolved "https://registry.npmjs.org/chalk/-/chalk-4.1.2.tgz"
  integrity sha512-oKnbhFyRIXpUuez8iBMmyEa4nbj4IOQyuhc/wy9kY7/WVPcwIO9VA668Pu8RkO7+0G76SLROeyw9CpQ061i4mA==
  dependencies:
    ansi-styles "^4.1.0"
    supports-color "^7.1.0"

color-convert@^2.0.1:
  version "2.0.1"
  resolved "https://registry.npmjs.org/color-convert/-/color-convert-2.0.1.tgz"
  integrity sha512-RRECPsj7iu/xb5oKYcsFHSppFNnsj/52OVTRKb4zP5onXwVF3zVmmToNcOfGC+CRDpfK/U584fMg38ZHCaElKQ==
  dependencies:
    color-name "~1.1.4"

color-name@~1.1.4:
  version "1.1.4"
  resolved "https://registry.npmjs.org/color-name/-/color-name-1.1.4.tgz"
  integrity sha512-dOy+3AuW3a2wNbZHIuMZpTcgjGuLU/uBL/ubcZF9OXbDo8ff4O8yVp5Bf0efS8uEoYo5q4Fx7dY9OgQGXgAsQA==

cross-domain-safe-weakmap@^1, cross-domain-safe-weakmap@^1.0.1:
  version "1.0.29"
  resolved "https://registry.npmjs.org/cross-domain-safe-weakmap/-/cross-domain-safe-weakmap-1.0.29.tgz"
  integrity sha512-VLoUgf2SXnf3+na8NfeUFV59TRZkIJqCIATaMdbhccgtnTlSnHXkyTRwokngEGYdQXx8JbHT9GDYitgR2sdjuA==
  dependencies:
    cross-domain-utils "^2.0.0"

cross-domain-utils@^2, cross-domain-utils@^2.0.0, cross-domain-utils@^2.0.33:
  version "2.0.38"
  resolved "https://registry.npmjs.org/cross-domain-utils/-/cross-domain-utils-2.0.38.tgz"
  integrity sha512-zZfi3+2EIR9l4chrEiXI2xFleyacsJf8YMLR1eJ0Veb5FTMXeJ3DpxDjZkto2FhL/g717WSELqbptNSo85UJDw==
  dependencies:
    zalgo-promise "^1.0.11"

csstype@^3.0.2:
  version "3.0.10"
  resolved "https://registry.npmjs.org/csstype/-/csstype-3.0.10.tgz"
  integrity sha512-2u44ZG2OcNUO9HDp/Jl8C07x6pU/eTR3ncV91SiK3dhG9TWvRVsCoJw14Ckx5DgWkzGA3waZWO3d7pgqpUI/XA==

diff-sequences@^26.6.2:
  version "26.6.2"
  resolved "https://registry.npmjs.org/diff-sequences/-/diff-sequences-26.6.2.tgz"
  integrity sha512-Mv/TDa3nZ9sbc5soK+OoA74BsS3mL37yixCvUAQkiuA4Wz6YtwP/K47n2rv2ovzHZvoiQeA5FTQOschKkEwB0Q==

fp-ts@^2.11.5:
  version "2.11.5"
  resolved "https://registry.npmjs.org/fp-ts/-/fp-ts-2.11.5.tgz"
  integrity sha512-OqlwJq1BdpB83BZXTqI+dNcA6uYk6qk4u9Cgnt64Y+XS7dwdbp/mobx8S2KXf2AXH+scNmA/UVK3SEFHR3vHZA==

has-flag@^4.0.0:
  version "4.0.0"
  resolved "https://registry.npmjs.org/has-flag/-/has-flag-4.0.0.tgz"
  integrity sha512-EykJT/Q1KjTWctppgIAgfSO0tKVuZUjhgMr17kqTumMl6Afv3EISleU7qZUzoXDFTAHTDC4NOoG/ZxU3EvlMPQ==

jest-diff@^26.0.0:
  version "26.6.2"
  resolved "https://registry.npmjs.org/jest-diff/-/jest-diff-26.6.2.tgz"
  integrity sha512-6m+9Z3Gv9wN0WFVasqjCL/06+EFCMTqDEUl/b87HYK2rAPTyfz4ZIuSlPhY51PIQRWx5TaxeF1qmXKe9gfN3sA==
  dependencies:
    chalk "^4.0.0"
    diff-sequences "^26.6.2"
    jest-get-type "^26.3.0"
    pretty-format "^26.6.2"

jest-get-type@^26.3.0:
  version "26.3.0"
  resolved "https://registry.npmjs.org/jest-get-type/-/jest-get-type-26.3.0.tgz"
  integrity sha512-TpfaviN1R2pQWkIihlfEanwOXK0zcxrKEE4MlU6Tn7keoXdN6/3gK/xl0yEh8DOunn5pOVGKf8hB4R9gVh04ig==

"js-tokens@^3.0.0 || ^4.0.0":
  version "4.0.0"
  resolved "https://registry.npmjs.org/js-tokens/-/js-tokens-4.0.0.tgz"
  integrity sha512-RdJUflcE3cUzKiMqQgsCu06FPu9UdIJO0beYbPhHN4k6apgJtifcoCtT9bcxOpYBtpD2kCM6Sbzg4CausW/PKQ==

loose-envify@^1.1.0:
  version "1.4.0"
  resolved "https://registry.npmjs.org/loose-envify/-/loose-envify-1.4.0.tgz"
  integrity sha512-lyuxPGr/Wfhrlem2CL/UcnUc1zcqKAImBDzukY7Y5F/yQiNdko6+fRLevlw1HgMySw7f611UIY408EtxRSoK3Q==
  dependencies:
    js-tokens "^3.0.0 || ^4.0.0"

object-assign@^4.1.1:
  version "4.1.1"
  resolved "https://registry.npmjs.org/object-assign/-/object-assign-4.1.1.tgz"
  integrity sha1-IQmtx5ZYh8/AXLvUQsrIv7s2CGM=

post-robot@^10:
  version "10.0.44"
  resolved "https://registry.npmjs.org/post-robot/-/post-robot-10.0.44.tgz"
  integrity sha512-LbA2E7gw/MkntjFtT2EPUrapIPCN/M9orKT3OTQC9A87raT5nmsL0nsHAr1AMZS0UoZxB6Z4K6OlnTxAgxXidw==
  dependencies:
    belter "^1.0.41"
    cross-domain-safe-weakmap "^1.0.1"
    cross-domain-utils "^2.0.0"
    universal-serialize "^1.0.4"
    zalgo-promise "^1.0.3"

pretty-format@^26.0.0, pretty-format@^26.6.2:
  version "26.6.2"
  resolved "https://registry.npmjs.org/pretty-format/-/pretty-format-26.6.2.tgz"
  integrity sha512-7AeGuCYNGmycyQbCqd/3PWH4eOoX/OiCa0uphp57NVTeAGdJGaAliecxwBDHYQCIvrW7aDBZCYeNTP/WX69mkg==
  dependencies:
    "@jest/types" "^26.6.2"
    ansi-regex "^5.0.0"
    ansi-styles "^4.0.0"
    react-is "^17.0.1"

ramda@^0.27.1:
  version "0.27.1"
  resolved "https://registry.npmjs.org/ramda/-/ramda-0.27.1.tgz"
  integrity sha512-PgIdVpn5y5Yns8vqb8FzBUEYn98V3xcPgawAkkgj0YJ0qDsnHCiNmZYfOGMgOvoB0eWFLpYbhxUR3mxfDIMvpw==

react-dom@^17.0.2:
  version "17.0.2"
  resolved "https://registry.npmjs.org/react-dom/-/react-dom-17.0.2.tgz"
  integrity sha512-s4h96KtLDUQlsENhMn1ar8t2bEa+q/YAtj8pPPdIjPDGBDIVNsrD9aXNWqspUe6AzKCIG0C1HZZLqLV7qpOBGA==
  dependencies:
    loose-envify "^1.1.0"
    object-assign "^4.1.1"
    scheduler "^0.20.2"

react-is@^17.0.1:
  version "17.0.2"
  resolved "https://registry.npmjs.org/react-is/-/react-is-17.0.2.tgz"
  integrity sha512-w2GsyukL62IJnlaff/nRegPQR94C/XXamvMWmSHRJ4y7Ts/4ocGRmTHvOs8PSE6pB3dWOrD/nueuU5sduBsQ4w==

react@^17.0.2:
  version "17.0.2"
  resolved "https://registry.npmjs.org/react/-/react-17.0.2.tgz"
  integrity sha512-gnhPt75i/dq/z3/6q/0asP78D0u592D5L1pd7M8P+dck6Fu/jJeL6iVVK23fptSUZj8Vjf++7wXA8UNclGQcbA==
  dependencies:
    loose-envify "^1.1.0"
    object-assign "^4.1.1"

scheduler@^0.20.2:
  version "0.20.2"
  resolved "https://registry.npmjs.org/scheduler/-/scheduler-0.20.2.tgz"
  integrity sha512-2eWfGgAqqWFGqtdMmcL5zCMK1U8KlXv8SQFGglL3CEtd0aDVDWgeF/YoCmvln55m5zSk3J/20hTaSBeSObsQDQ==
  dependencies:
    loose-envify "^1.1.0"
    object-assign "^4.1.1"

supports-color@^7.1.0:
  version "7.2.0"
  resolved "https://registry.npmjs.org/supports-color/-/supports-color-7.2.0.tgz"
  integrity sha512-qpCAvRl9stuOHveKsn7HncJRvv501qIacKzQlO/+Lwxc9+0q2wLyv4Dfvt80/DPn2pqOBsJdDiogXGR9+OvwRw==
  dependencies:
    has-flag "^4.0.0"

ts-toolbelt@^6.15.1:
  version "6.15.5"
  resolved "https://registry.npmjs.org/ts-toolbelt/-/ts-toolbelt-6.15.5.tgz"
  integrity sha512-FZIXf1ksVyLcfr7M317jbB67XFJhOO1YqdTcuGaq9q5jLUoTikukZ+98TPjKiP2jC5CgmYdWWYs0s2nLSU0/1A==

typescript@^4.1.2:
  version "4.5.2"
  resolved "https://registry.npmjs.org/typescript/-/typescript-4.5.2.tgz"
  integrity sha512-5BlMof9H1yGt0P8/WF+wPNw6GfctgGjXp5hkblpyT+8rkASSmkUKMXrxR0Xg8ThVCi/JnHQiKXeBaEwCeQwMFw==

universal-serialize@^1.0.4:
  version "1.0.10"
  resolved "https://registry.npmjs.org/universal-serialize/-/universal-serialize-1.0.10.tgz"
  integrity sha512-FdouA4xSFa0fudk1+z5vLWtxZCoC0Q9lKYV3uUdFl7DttNfolmiw2ASr5ddY+/Yz6Isr68u3IqC9XMSwMP+Pow==

zalgo-promise@^1, zalgo-promise@^1.0.11, zalgo-promise@^1.0.3, zalgo-promise@^1.0.45:
  version "1.0.48"
  resolved "https://registry.npmjs.org/zalgo-promise/-/zalgo-promise-1.0.48.tgz"
  integrity sha512-LLHANmdm53+MucY9aOFIggzYtUdkSBFxUsy4glTTQYNyK6B3uCPWTbfiGvSrEvLojw0mSzyFJ1/RRLv+QMNdzQ==
